
Microsoft Visual Studio Solution File, Format Version 12.00
# Visual Studio Version 16
VisualStudioVersion = 16.0.29324.140
MinimumVisualStudioVersion = 10.0.40219.1
Project("{FAE04EC0-301F-11D3-BF4B-00C04F79EFBC}") = "WallpaperService", "WallpaperService\WallpaperService.csproj", "{7B6F14A6-3DAA-471C-BD8B-C5C8CDD89C9A}"
EndProject
Global
	GlobalSection(SolutionConfigurationPlatforms) = preSolution
		Debug|Any CPU = Debug|Any CPU
		Release|Any CPU = Release|Any CPU
	EndGlobalSection
	GlobalSection(ProjectConfigurationPlatforms) = postSolution
		{7B6F14A6-3DAA-471C-BD8B-C5C8CDD89C9A}.Debug|Any CPU.ActiveCfg = Debug|Any CPU
		{7B6F14A6-3DAA-471C-BD8B-C5C8CDD89C9A}.Debug|Any CPU.Build.0 = Debug|Any CPU
		{7B6F14A6-3DAA-471C-BD8B-C5C8CDD89C9A}.Release|Any CPU.ActiveCfg = Release|Any CPU
		{7B6F14A6-3DAA-471C-BD8B-C5C8CDD89C9A}.Release|Any CPU.Build.0 = Release|Any CPU
	EndGlobalSection
	GlobalSection(SolutionProperties) = preSolution
		HideSolutionNode = FALSE
	EndGlobalSection
	GlobalSection(ExtensibilityGlobals) = postSolution
		SolutionGuid = {65707763-C18C-4277-AEC9-93FCCF50D9B2}
	EndGlobalSection
EndGlobal
